
Microsoft Visual Studio Solution File, Format Version 12.00
# Visual Studio Version 16
VisualStudioVersion = 16.0.30523.141
MinimumVisualStudioVersion = 10.0.40219.1
Project("{8BC9CEB8-8B4A-11D0-8D11-00A0C91BC942}") = "lib_lex", "lib_lex.vcxproj", "{888196E6-A226-4545-86A0-58A3D2930048}"
EndProject
Project("{8BC9CEB8-8B4A-11D0-8D11-00A0C91BC942}") = "lib_lexers", "lib_lexers.vcxproj", "{B6A5742E-2A83-4E8E-B3B3-316DDEED9C89}"
EndProject
Project("{8BC9CEB8-8B4A-11D0-8D11-00A0C91BC942}") = "lib_sci", "lib_sci.vcxproj", "{AF476658-3B3E-4966-9FC8-E884C3ECFCBE}"
EndProject
Project("{8BC9CEB8-8B4A-11D0-8D11-00A0C91BC942}") = "lib_lua", "lib_lua.vcxproj", "{E7CD4110-7664-4599-9223-68EDCFFF212B}"
EndProject
Project("{8BC9CEB8-8B4A-11D0-8D11-00A0C91BC942}") = "lib_te", "lib_te.vcxproj", "{53BD4048-8AC7-4A03-B293-42031C91A988}"
EndProject
Project("{8BC9CEB8-8B4A-11D0-8D11-00A0C91BC942}") = "Lexilla", "Lexilla.vcxproj", "{F90CC9B4-B571-4F3F-9934-3F8C5DAE6630}"
	ProjectSection(ProjectDependencies) = postProject
		{B6A5742E-2A83-4E8E-B3B3-316DDEED9C89} = {B6A5742E-2A83-4E8E-B3B3-316DDEED9C89}
		{888196E6-A226-4545-86A0-58A3D2930048} = {888196E6-A226-4545-86A0-58A3D2930048}
	EndProjectSection
EndProject
Project("{8BC9CEB8-8B4A-11D0-8D11-00A0C91BC942}") = "Scintilla", "Scintilla.vcxproj", "{176CAA30-7D27-4AE1-B7DF-231FF404DD90}"
	ProjectSection(ProjectDependencies) = postProject
		{AF476658-3B3E-4966-9FC8-E884C3ECFCBE} = {AF476658-3B3E-4966-9FC8-E884C3ECFCBE}
		{888196E6-A226-4545-86A0-58A3D2930048} = {888196E6-A226-4545-86A0-58A3D2930048}
	EndProjectSection
EndProject
Project("{8BC9CEB8-8B4A-11D0-8D11-00A0C91BC942}") = "SciLexer", "sciLexer.vcxproj", "{570B63BB-88DF-4F68-AF45-92FABEE037B8}"
	ProjectSection(ProjectDependencies) = postProject
		{B6A5742E-2A83-4E8E-B3B3-316DDEED9C89} = {B6A5742E-2A83-4E8E-B3B3-316DDEED9C89}
		{AF476658-3B3E-4966-9FC8-E884C3ECFCBE} = {AF476658-3B3E-4966-9FC8-E884C3ECFCBE}
		{888196E6-A226-4545-86A0-58A3D2930048} = {888196E6-A226-4545-86A0-58A3D2930048}
	EndProjectSection
EndProject
Project("{8BC9CEB8-8B4A-11D0-8D11-00A0C91BC942}") = "SciTE", "SciTE.vcxproj", "{F14EA4F3-0885-4A08-9076-A9D591AFA91D}"
	ProjectSection(ProjectDependencies) = postProject
		{E7CD4110-7664-4599-9223-68EDCFFF212B} = {E7CD4110-7664-4599-9223-68EDCFFF212B}
		{176CAA30-7D27-4AE1-B7DF-231FF404DD90} = {176CAA30-7D27-4AE1-B7DF-231FF404DD90}
		{53BD4048-8AC7-4A03-B293-42031C91A988} = {53BD4048-8AC7-4A03-B293-42031C91A988}
		{F90CC9B4-B571-4F3F-9934-3F8C5DAE6630} = {F90CC9B4-B571-4F3F-9934-3F8C5DAE6630}
	EndProjectSection
EndProject
Project("{8BC9CEB8-8B4A-11D0-8D11-00A0C91BC942}") = "SciTE_portable", "SciTE_portable.vcxproj", "{AA243C22-4C9A-4813-A2F6-744588441301}"
	ProjectSection(ProjectDependencies) = postProject
		{E7CD4110-7664-4599-9223-68EDCFFF212B} = {E7CD4110-7664-4599-9223-68EDCFFF212B}
		{B6A5742E-2A83-4E8E-B3B3-316DDEED9C89} = {B6A5742E-2A83-4E8E-B3B3-316DDEED9C89}
		{53BD4048-8AC7-4A03-B293-42031C91A988} = {53BD4048-8AC7-4A03-B293-42031C91A988}
		{AF476658-3B3E-4966-9FC8-E884C3ECFCBE} = {AF476658-3B3E-4966-9FC8-E884C3ECFCBE}
		{888196E6-A226-4545-86A0-58A3D2930048} = {888196E6-A226-4545-86A0-58A3D2930048}
	EndProjectSection
EndProject
Project("{2150E333-8FDC-42A3-9474-1A3956D46DE8}") = "Solution Items", "Solution Items", "{DBCC21F6-8CB9-4548-A1DE-2F678C42A765}"
	ProjectSection(SolutionItems) = preProject
		readme.txt = readme.txt
	EndProjectSection
EndProject
Global
	GlobalSection(SolutionConfigurationPlatforms) = preSolution
		Debug|x64 = Debug|x64
		Debug|x86 = Debug|x86
		Release|x64 = Release|x64
		Release|x86 = Release|x86
	EndGlobalSection
	GlobalSection(ProjectConfigurationPlatforms) = postSolution
		{888196E6-A226-4545-86A0-58A3D2930048}.Debug|x64.ActiveCfg = Debug|x64
		{888196E6-A226-4545-86A0-58A3D2930048}.Debug|x64.Build.0 = Debug|x64
		{888196E6-A226-4545-86A0-58A3D2930048}.Debug|x86.ActiveCfg = Debug|Win32
		{888196E6-A226-4545-86A0-58A3D2930048}.Debug|x86.Build.0 = Debug|Win32
		{888196E6-A226-4545-86A0-58A3D2930048}.Release|x64.ActiveCfg = Release|x64
		{888196E6-A226-4545-86A0-58A3D2930048}.Release|x64.Build.0 = Release|x64
		{888196E6-A226-4545-86A0-58A3D2930048}.Release|x86.ActiveCfg = Release|Win32
		{888196E6-A226-4545-86A0-58A3D2930048}.Release|x86.Build.0 = Release|Win32
		{B6A5742E-2A83-4E8E-B3B3-316DDEED9C89}.Debug|x64.ActiveCfg = Debug|x64
		{B6A5742E-2A83-4E8E-B3B3-316DDEED9C89}.Debug|x64.Build.0 = Debug|x64
		{B6A5742E-2A83-4E8E-B3B3-316DDEED9C89}.Debug|x86.ActiveCfg = Debug|Win32
		{B6A5742E-2A83-4E8E-B3B3-316DDEED9C89}.Debug|x86.Build.0 = Debug|Win32
		{B6A5742E-2A83-4E8E-B3B3-316DDEED9C89}.Release|x64.ActiveCfg = Release|x64
		{B6A5742E-2A83-4E8E-B3B3-316DDEED9C89}.Release|x64.Build.0 = Release|x64
		{B6A5742E-2A83-4E8E-B3B3-316DDEED9C89}.Release|x86.ActiveCfg = Release|Win32
		{B6A5742E-2A83-4E8E-B3B3-316DDEED9C89}.Release|x86.Build.0 = Release|Win32
		{AF476658-3B3E-4966-9FC8-E884C3ECFCBE}.Debug|x64.ActiveCfg = Debug|x64
		{AF476658-3B3E-4966-9FC8-E884C3ECFCBE}.Debug|x64.Build.0 = Debug|x64
		{AF476658-3B3E-4966-9FC8-E884C3ECFCBE}.Debug|x86.ActiveCfg = Debug|Win32
		{AF476658-3B3E-4966-9FC8-E884C3ECFCBE}.Debug|x86.Build.0 = Debug|Win32
		{AF476658-3B3E-4966-9FC8-E884C3ECFCBE}.Release|x64.ActiveCfg = Release|x64
		{AF476658-3B3E-4966-9FC8-E884C3ECFCBE}.Release|x64.Build.0 = Release|x64
		{AF476658-3B3E-4966-9FC8-E884C3ECFCBE}.Release|x86.ActiveCfg = Release|Win32
		{AF476658-3B3E-4966-9FC8-E884C3ECFCBE}.Release|x86.Build.0 = Release|Win32
		{E7CD4110-7664-4599-9223-68EDCFFF212B}.Debug|x64.ActiveCfg = Debug|x64
		{E7CD4110-7664-4599-9223-68EDCFFF212B}.Debug|x64.Build.0 = Debug|x64
		{E7CD4110-7664-4599-9223-68EDCFFF212B}.Debug|x86.ActiveCfg = Debug|Win32
		{E7CD4110-7664-4599-9223-68EDCFFF212B}.Debug|x86.Build.0 = Debug|Win32
		{E7CD4110-7664-4599-9223-68EDCFFF212B}.Release|x64.ActiveCfg = Release|x64
		{E7CD4110-7664-4599-9223-68EDCFFF212B}.Release|x64.Build.0 = Release|x64
		{E7CD4110-7664-4599-9223-68EDCFFF212B}.Release|x86.ActiveCfg = Release|Win32
		{E7CD4110-7664-4599-9223-68EDCFFF212B}.Release|x86.Build.0 = Release|Win32
		{53BD4048-8AC7-4A03-B293-42031C91A988}.Debug|x64.ActiveCfg = Debug|x64
		{53BD4048-8AC7-4A03-B293-42031C91A988}.Debug|x64.Build.0 = Debug|x64
		{53BD4048-8AC7-4A03-B293-42031C91A988}.Debug|x86.ActiveCfg = Debug|Win32
		{53BD4048-8AC7-4A03-B293-42031C91A988}.Debug|x86.Build.0 = Debug|Win32
		{53BD4048-8AC7-4A03-B293-42031C91A988}.Release|x64.ActiveCfg = Release|x64
		{53BD4048-8AC7-4A03-B293-42031C91A988}.Release|x64.Build.0 = Release|x64
		{53BD4048-8AC7-4A03-B293-42031C91A988}.Release|x86.ActiveCfg = Release|Win32
		{53BD4048-8AC7-4A03-B293-42031C91A988}.Release|x86.Build.0 = Release|Win32
		{F90CC9B4-B571-4F3F-9934-3F8C5DAE6630}.Debug|x64.ActiveCfg = Debug|x64
		{F90CC9B4-B571-4F3F-9934-3F8C5DAE6630}.Debug|x64.Build.0 = Debug|x64
		{F90CC9B4-B571-4F3F-9934-3F8C5DAE6630}.Debug|x86.ActiveCfg = Debug|Win32
		{F90CC9B4-B571-4F3F-9934-3F8C5DAE6630}.Debug|x86.Build.0 = Debug|Win32
		{F90CC9B4-B571-4F3F-9934-3F8C5DAE6630}.Release|x64.ActiveCfg = Release|x64
		{F90CC9B4-B571-4F3F-9934-3F8C5DAE6630}.Release|x64.Build.0 = Release|x64
		{F90CC9B4-B571-4F3F-9934-3F8C5DAE6630}.Release|x86.ActiveCfg = Release|Win32
		{F90CC9B4-B571-4F3F-9934-3F8C5DAE6630}.Release|x86.Build.0 = Release|Win32
		{176CAA30-7D27-4AE1-B7DF-231FF404DD90}.Debug|x64.ActiveCfg = Debug|x64
		{176CAA30-7D27-4AE1-B7DF-231FF404DD90}.Debug|x64.Build.0 = Debug|x64
		{176CAA30-7D27-4AE1-B7DF-231FF404DD90}.Debug|x86.ActiveCfg = Debug|Win32
		{176CAA30-7D27-4AE1-B7DF-231FF404DD90}.Debug|x86.Build.0 = Debug|Win32
		{176CAA30-7D27-4AE1-B7DF-231FF404DD90}.Release|x64.ActiveCfg = Release|x64
		{176CAA30-7D27-4AE1-B7DF-231FF404DD90}.Release|x64.Build.0 = Release|x64
		{176CAA30-7D27-4AE1-B7DF-231FF404DD90}.Release|x86.ActiveCfg = Release|Win32
		{176CAA30-7D27-4AE1-B7DF-231FF404DD90}.Release|x86.Build.0 = Release|Win32
		{570B63BB-88DF-4F68-AF45-92FABEE037B8}.Debug|x64.ActiveCfg = Debug|x64
		{570B63BB-88DF-4F68-AF45-92FABEE037B8}.Debug|x64.Build.0 = Debug|x64
		{570B63BB-88DF-4F68-AF45-92FABEE037B8}.Debug|x86.ActiveCfg = Debug|Win32
		{570B63BB-88DF-4F68-AF45-92FABEE037B8}.Debug|x86.Build.0 = Debug|Win32
		{570B63BB-88DF-4F68-AF45-92FABEE037B8}.Release|x64.ActiveCfg = Release|x64
		{570B63BB-88DF-4F68-AF45-92FABEE037B8}.Release|x64.Build.0 = Release|x64
		{570B63BB-88DF-4F68-AF45-92FABEE037B8}.Release|x86.ActiveCfg = Release|Win32
		{570B63BB-88DF-4F68-AF45-92FABEE037B8}.Release|x86.Build.0 = Release|Win32
		{F14EA4F3-0885-4A08-9076-A9D591AFA91D}.Debug|x64.ActiveCfg = Debug|x64
		{F14EA4F3-0885-4A08-9076-A9D591AFA91D}.Debug|x64.Build.0 = Debug|x64
		{F14EA4F3-0885-4A08-9076-A9D591AFA91D}.Debug|x86.ActiveCfg = Debug|Win32
		{F14EA4F3-0885-4A08-9076-A9D591AFA91D}.Debug|x86.Build.0 = Debug|Win32
		{F14EA4F3-0885-4A08-9076-A9D591AFA91D}.Release|x64.ActiveCfg = Release|x64
		{F14EA4F3-0885-4A08-9076-A9D591AFA91D}.Release|x64.Build.0 = Release|x64
		{F14EA4F3-0885-4A08-9076-A9D591AFA91D}.Release|x86.ActiveCfg = Release|Win32
		{F14EA4F3-0885-4A08-9076-A9D591AFA91D}.Release|x86.Build.0 = Release|Win32
		{AA243C22-4C9A-4813-A2F6-744588441301}.Debug|x64.ActiveCfg = Debug|x64
		{AA243C22-4C9A-4813-A2F6-744588441301}.Debug|x64.Build.0 = Debug|x64
		{AA243C22-4C9A-4813-A2F6-744588441301}.Debug|x86.ActiveCfg = Debug|Win32
		{AA243C22-4C9A-4813-A2F6-744588441301}.Debug|x86.Build.0 = Debug|Win32
		{AA243C22-4C9A-4813-A2F6-744588441301}.Release|x64.ActiveCfg = Release|x64
		{AA243C22-4C9A-4813-A2F6-744588441301}.Release|x64.Build.0 = Release|x64
		{AA243C22-4C9A-4813-A2F6-744588441301}.Release|x86.ActiveCfg = Release|Win32
		{AA243C22-4C9A-4813-A2F6-744588441301}.Release|x86.Build.0 = Release|Win32
	EndGlobalSection
	GlobalSection(SolutionProperties) = preSolution
		HideSolutionNode = FALSE
	EndGlobalSection
	GlobalSection(ExtensibilityGlobals) = postSolution
		SolutionGuid = {23B7FF84-6BED-4D4D-B99C-A0DC2AC8C53E}
	EndGlobalSection
EndGlobal
