<?xml version="1.0" encoding="utf-8"?>
<Project ToolsVersion="4.0" xmlns="http://schemas.microsoft.com/developer/msbuild/2003">
  <ItemGroup>
    <ClCompile Include="scintilla\win32\HanjaDic.cxx" />
    <ClCompile Include="scintilla\win32\PlatWin.cxx" />
    <ClCompile Include="scintilla\win32\ScintillaDLL.cxx" />
    <ClCompile Include="scintilla\win32\ScintillaWin.cxx" />
    <ClCompile Include="scintilla\src\Catalogue.cxx" />
  </ItemGroup>
</Project>