<?xml version="1.0" encoding="utf-8"?>
<Project ToolsVersion="4.0" xmlns="http://schemas.microsoft.com/developer/msbuild/2003">
  <ItemGroup>
    <Filter Include="resource">
      <UniqueIdentifier>{457af8a0-4342-4fe4-a967-fd1d1b7ca5f4}</UniqueIdentifier>
    </Filter>
  </ItemGroup>
  <ItemGroup>
    <Image Include="scite\win32\backslash20.bmp">
      <Filter>resource</Filter>
    </Image>
    <Image Include="scite\win32\backslash24.bmp">
      <Filter>resource</Filter>
    </Image>
    <Image Include="scite\win32\backslash32.bmp">
      <Filter>resource</Filter>
    </Image>
    <Image Include="scite\win32\case.bmp">
      <Filter>resource</Filter>
    </Image>
    <Image Include="scite\win32\case20.bmp">
      <Filter>resource</Filter>
    </Image>
    <Image Include="scite\win32\case24.bmp">
      <Filter>resource</Filter>
    </Image>
    <Image Include="scite\win32\case32.bmp">
      <Filter>resource</Filter>
    </Image>
    <Image Include="scite\win32\closefile.bmp">
      <Filter>resource</Filter>
    </Image>
    <Image Include="scite\win32\closefile24.bmp">
      <Filter>resource</Filter>
    </Image>
    <Image Include="scite\win32\regex.bmp">
      <Filter>resource</Filter>
    </Image>
    <Image Include="scite\win32\regex20.bmp">
      <Filter>resource</Filter>
    </Image>
    <Image Include="scite\win32\regex24.bmp">
      <Filter>resource</Filter>
    </Image>
    <Image Include="scite\win32\regex32.bmp">
      <Filter>resource</Filter>
    </Image>
    <Image Include="scite\win32\up.bmp">
      <Filter>resource</Filter>
    </Image>
    <Image Include="scite\win32\up20.bmp">
      <Filter>resource</Filter>
    </Image>
    <Image Include="scite\win32\up24.bmp">
      <Filter>resource</Filter>
    </Image>
    <Image Include="scite\win32\up32.bmp">
      <Filter>resource</Filter>
    </Image>
    <Image Include="scite\win32\word.bmp">
      <Filter>resource</Filter>
    </Image>
    <Image Include="scite\win32\word20.bmp">
      <Filter>resource</Filter>
    </Image>
    <Image Include="scite\win32\word24.bmp">
      <Filter>resource</Filter>
    </Image>
    <Image Include="scite\win32\word32.bmp">
      <Filter>resource</Filter>
    </Image>
    <Image Include="scite\win32\SciBall.ico">
      <Filter>resource</Filter>
    </Image>
    <Image Include="scite\win32\around.bmp">
      <Filter>resource</Filter>
    </Image>
    <Image Include="scite\win32\around20.bmp">
      <Filter>resource</Filter>
    </Image>
    <Image Include="scite\win32\around24.bmp">
      <Filter>resource</Filter>
    </Image>
    <Image Include="scite\win32\around32.bmp">
      <Filter>resource</Filter>
    </Image>
    <Image Include="scite\win32\backslash.bmp">
      <Filter>resource</Filter>
    </Image>
  </ItemGroup>
  <ItemGroup>
    <None Include="scite\win32\DragDrop.cur">
      <Filter>resource</Filter>
    </None>
  </ItemGroup>
  <ItemGroup>
    <Manifest Include="scite\win32\SciTE.exe.manifest">
      <Filter>resource</Filter>
    </Manifest>
  </ItemGroup>
  <ItemGroup>
    <ResourceCompile Include="scite\win32\SciTERes.rc">
      <Filter>resource</Filter>
    </ResourceCompile>
  </ItemGroup>
  <ItemGroup>
    <ClCompile Include="scite\win32\DirectorExtension.cxx" />
    <ClCompile Include="scite\win32\GUIWin.cxx" />
    <ClCompile Include="scite\win32\SciTEWin.cxx" />
    <ClCompile Include="scite\win32\SciTEWinBar.cxx" />
    <ClCompile Include="scite\win32\SciTEWinDlg.cxx" />
    <ClCompile Include="scite\win32\Strips.cxx" />
    <ClCompile Include="scite\win32\UniqueInstance.cxx" />
    <ClCompile Include="scintilla\src\Catalogue.cxx" />
    <ClCompile Include="scintilla\win32\HanjaDic.cxx" />
    <ClCompile Include="scintilla\win32\PlatWin.cxx" />
    <ClCompile Include="scintilla\win32\ScintillaWin.cxx" />
    <ClCompile Include="scintilla\lexilla\src\Lexilla.cxx" />
  </ItemGroup>
</Project>